
Microsoft Visual Studio Solution File, Format Version 12.00
# Visual Studio Version 17
VisualStudioVersion = 17.2.32630.192
MinimumVisualStudioVersion = 10.0.40219.1
Project("{9A19103F-16F7-4668-BE54-9A1E7A4F7556}") = "BookStore", "BookStore\BookStore.csproj", "{184BF88C-D6F7-4F47-9F95-8765EB59F00B}"
EndProject
Global
	GlobalSection(SolutionConfigurationPlatforms) = preSolution
		Debug|Any CPU = Debug|Any CPU
		Release|Any CPU = Release|Any CPU
	EndGlobalSection
	GlobalSection(ProjectConfigurationPlatforms) = postSolution
		{184BF88C-D6F7-4F47-9F95-8765EB59F00B}.Debug|Any CPU.ActiveCfg = Debug|Any CPU
		{184BF88C-D6F7-4F47-9F95-8765EB59F00B}.Debug|Any CPU.Build.0 = Debug|Any CPU
		{184BF88C-D6F7-4F47-9F95-8765EB59F00B}.Release|Any CPU.ActiveCfg = Release|Any CPU
		{184BF88C-D6F7-4F47-9F95-8765EB59F00B}.Release|Any CPU.Build.0 = Release|Any CPU
	EndGlobalSection
	GlobalSection(SolutionProperties) = preSolution
		HideSolutionNode = FALSE
	EndGlobalSection
	GlobalSection(ExtensibilityGlobals) = postSolution
		SolutionGuid = {F3A07DD6-F99E-4CFF-B925-A286A1F0DB0A}
	EndGlobalSection
EndGlobal
